
Microsoft Visual Studio Solution File, Format Version 12.00
# Visual Studio Version 17
VisualStudioVersion = 17.5.002.0
MinimumVisualStudioVersion = 10.0.40219.1
Project("{9A19103F-16F7-4668-BE54-9A1E7A4F7556}") = "fundamentals", "fundamentals.csproj", "{89E303F5-4B14-46EA-B8C1-71C55500D9D0}"
EndProject
Global
	GlobalSection(SolutionConfigurationPlatforms) = preSolution
		Debug|Any CPU = Debug|Any CPU
		Release|Any CPU = Release|Any CPU
	EndGlobalSection
	GlobalSection(ProjectConfigurationPlatforms) = postSolution
		{89E303F5-4B14-46EA-B8C1-71C55500D9D0}.Debug|Any CPU.ActiveCfg = Debug|Any CPU
		{89E303F5-4B14-46EA-B8C1-71C55500D9D0}.Debug|Any CPU.Build.0 = Debug|Any CPU
		{89E303F5-4B14-46EA-B8C1-71C55500D9D0}.Release|Any CPU.ActiveCfg = Release|Any CPU
		{89E303F5-4B14-46EA-B8C1-71C55500D9D0}.Release|Any CPU.Build.0 = Release|Any CPU
	EndGlobalSection
	GlobalSection(SolutionProperties) = preSolution
		HideSolutionNode = FALSE
	EndGlobalSection
	GlobalSection(ExtensibilityGlobals) = postSolution
		SolutionGuid = {4316CD91-A555-41F0-B943-C76BA3750727}
	EndGlobalSection
EndGlobal
